
Microsoft Visual Studio Solution File, Format Version 12.00
# Visual Studio Version 17
VisualStudioVersion = 17.13.35913.81 d17.13
MinimumVisualStudioVersion = 10.0.40219.1
Project("{FAE04EC0-301F-11D3-BF4B-00C04F79EFBC}") = "ExpenseTrackerAPI", "ExpenseTrackerAPI\ExpenseTrackerAPI.csproj", "{EB6EB0B8-7213-4820-A410-764F9BB02CA8}"
EndProject
Global
	GlobalSection(SolutionConfigurationPlatforms) = preSolution
		Debug|Any CPU = Debug|Any CPU
		Release|Any CPU = Release|Any CPU
	EndGlobalSection
	GlobalSection(ProjectConfigurationPlatforms) = postSolution
		{EB6EB0B8-7213-4820-A410-764F9BB02CA8}.Debug|Any CPU.ActiveCfg = Debug|Any CPU
		{EB6EB0B8-7213-4820-A410-764F9BB02CA8}.Debug|Any CPU.Build.0 = Debug|Any CPU
		{EB6EB0B8-7213-4820-A410-764F9BB02CA8}.Release|Any CPU.ActiveCfg = Release|Any CPU
		{EB6EB0B8-7213-4820-A410-764F9BB02CA8}.Release|Any CPU.Build.0 = Release|Any CPU
	EndGlobalSection
	GlobalSection(SolutionProperties) = preSolution
		HideSolutionNode = FALSE
	EndGlobalSection
	GlobalSection(ExtensibilityGlobals) = postSolution
		SolutionGuid = {11429661-FFB5-499D-8657-18EE6D1F4054}
	EndGlobalSection
EndGlobal
